// !$*UTF8*$!
{
	archiveVersion = 1;
	classes = {
	};
	objectVersion = 46;
	objects = {

/* Begin PBXBuildFile section */
		424A984C1D3C075300CAE45E /* AppDelegate.swift in Sources */ = {isa = PBXBuildFile; fileRef = 424A984B1D3C075300CAE45E /* AppDelegate.swift */; };
		424A98531D3C075300CAE45E /* Assets.xcassets in Resources */ = {isa = PBXBuildFile; fileRef = 424A98521D3C075300CAE45E /* Assets.xcassets */; };
		424A98561D3C075300CAE45E /* LaunchScreen.storyboard in Resources */ = {isa = PBXBuildFile; fileRef = 424A98541D3C075300CAE45E /* LaunchScreen.storyboard */; };
		424A985E1D3C07D800CAE45E /* WMWeatherCollectionViewController.swift in Sources */ = {isa = PBXBuildFile; fileRef = 424A985D1D3C07D800CAE45E /* WMWeatherCollectionViewController.swift */; };
		424A98601D3C081E00CAE45E /* WMUserInputViewController.swift in Sources */ = {isa = PBXBuildFile; fileRef = 424A985F1D3C081E00CAE45E /* WMUserInputViewController.swift */; };
		424A98621D3C088100CAE45E /* WMNetworkingHelper.swift in Sources */ = {isa = PBXBuildFile; fileRef = 424A98611D3C088100CAE45E /* WMNetworkingHelper.swift */; };
		424A98641D3C08AE00CAE45E /* WMWeatherResponseObject.swift in Sources */ = {isa = PBXBuildFile; fileRef = 424A98631D3C08AE00CAE45E /* WMWeatherResponseObject.swift */; };
		424A98661D3CB07600CAE45E /* WMRequest.swift in Sources */ = {isa = PBXBuildFile; fileRef = 424A98651D3CB07600CAE45E /* WMRequest.swift */; };
		42FF27531D3EE81F007A37E7 /* UIColorExtensions.swift in Sources */ = {isa = PBXBuildFile; fileRef = 42FF27521D3EE81F007A37E7 /* UIColorExtensions.swift */; };
/* End PBXBuildFile section */

/* Begin PBXFileReference section */
		424A98481D3C075300CAE45E /* Weathermate.app */ = {isa = PBXFileReference; explicitFileType = wrapper.application; includeInIndex = 0; path = Weathermate.app; sourceTree = BUILT_PRODUCTS_DIR; };
		424A984B1D3C075300CAE45E /* AppDelegate.swift */ = {isa = PBXFileReference; lastKnownFileType = sourcecode.swift; path = AppDelegate.swift; sourceTree = "<group>"; };
		424A98521D3C075300CAE45E /* Assets.xcassets */ = {isa = PBXFileReference; lastKnownFileType = folder.assetcatalog; path = Assets.xcassets; sourceTree = "<group>"; };
		424A98551D3C075300CAE45E /* Base */ = {isa = PBXFileReference; lastKnownFileType = file.storyboard; name = Base; path = Base.lproj/LaunchScreen.storyboard; sourceTree = "<group>"; };
		424A98571D3C075300CAE45E /* Info.plist */ = {isa = PBXFileReference; lastKnownFileType = text.plist.xml; path = Info.plist; sourceTree = "<group>"; };
		424A985D1D3C07D800CAE45E /* WMWeatherCollectionViewController.swift */ = {isa = PBXFileReference; fileEncoding = 4; lastKnownFileType = sourcecode.swift; path = WMWeatherCollectionViewController.swift; sourceTree = "<group>"; };
		424A985F1D3C081E00CAE45E /* WMUserInputViewController.swift */ = {isa = PBXFileReference; fileEncoding = 4; lastKnownFileType = sourcecode.swift; path = WMUserInputViewController.swift; sourceTree = "<group>"; };
		424A98611D3C088100CAE45E /* WMNetworkingHelper.swift */ = {isa = PBXFileReference; fileEncoding = 4; lastKnownFileType = sourcecode.swift; path = WMNetworkingHelper.swift; sourceTree = "<group>"; };
		424A98631D3C08AE00CAE45E /* WMWeatherResponseObject.swift */ = {isa = PBXFileReference; fileEncoding = 4; lastKnownFileType = sourcecode.swift; path = WMWeatherResponseObject.swift; sourceTree = "<group>"; };
		424A98651D3CB07600CAE45E /* WMRequest.swift */ = {isa = PBXFileReference; fileEncoding = 4; lastKnownFileType = sourcecode.swift; path = WMRequest.swift; sourceTree = "<group>"; };
		42FF27521D3EE81F007A37E7 /* UIColorExtensions.swift */ = {isa = PBXFileReference; fileEncoding = 4; lastKnownFileType = sourcecode.swift; path = UIColorExtensions.swift; sourceTree = "<group>"; };
/* End PBXFileReference section */

/* Begin PBXFrameworksBuildPhase section */
		424A98451D3C075300CAE45E /* Frameworks */ = {
			isa = PBXFrameworksBuildPhase;
			buildActionMask = 2147483647;
			files = (
			);
			runOnlyForDeploymentPostprocessing = 0;
		};
/* End PBXFrameworksBuildPhase section */

/* Begin PBXGroup section */
		424A983F1D3C075300CAE45E = {
			isa = PBXGroup;
			children = (
				424A984A1D3C075300CAE45E /* Weathermate */,
				424A98491D3C075300CAE45E /* Products */,
			);
			sourceTree = "<group>";
		};
		424A98491D3C075300CAE45E /* Products */ = {
			isa = PBXGroup;
			children = (
				424A98481D3C075300CAE45E /* Weathermate.app */,
			);
			name = Products;
			sourceTree = "<group>";
		};
		424A984A1D3C075300CAE45E /* Weathermate */ = {
			isa = PBXGroup;
			children = (
				424A984B1D3C075300CAE45E /* AppDelegate.swift */,
				424A985D1D3C07D800CAE45E /* WMWeatherCollectionViewController.swift */,
				424A985F1D3C081E00CAE45E /* WMUserInputViewController.swift */,
				424A98611D3C088100CAE45E /* WMNetworkingHelper.swift */,
				424A98651D3CB07600CAE45E /* WMRequest.swift */,
				424A98631D3C08AE00CAE45E /* WMWeatherResponseObject.swift */,
				42FF27511D3EE807007A37E7 /* Helpers */,
				424A98521D3C075300CAE45E /* Assets.xcassets */,
				424A98541D3C075300CAE45E /* LaunchScreen.storyboard */,
				424A98571D3C075300CAE45E /* Info.plist */,
			);
			path = Weathermate;
			sourceTree = "<group>";
		};
		42FF27511D3EE807007A37E7 /* Helpers */ = {
			isa = PBXGroup;
			children = (
				42FF27521D3EE81F007A37E7 /* UIColorExtensions.swift */,
			);
			name = Helpers;
			sourceTree = "<group>";
		};
/* End PBXGroup section */

/* Begin PBXNativeTarget section */
		424A98471D3C075300CAE45E /* Weathermate */ = {
			isa = PBXNativeTarget;
			buildConfigurationList = 424A985A1D3C075300CAE45E /* Build configuration list for PBXNativeTarget "Weathermate" */;
			buildPhases = (
				424A98441D3C075300CAE45E /* Sources */,
				424A98451D3C075300CAE45E /* Frameworks */,
				424A98461D3C075300CAE45E /* Resources */,
			);
			buildRules = (
			);
			dependencies = (
			);
			name = Weathermate;
			productName = Weathermate;
			productReference = 424A98481D3C075300CAE45E /* Weathermate.app */;
			productType = "com.apple.product-type.application";
		};
/* End PBXNativeTarget section */

/* Begin PBXProject section */
		424A98401D3C075300CAE45E /* Project object */ = {
			isa = PBXProject;
			attributes = {
				LastSwiftUpdateCheck = 0730;
				LastUpgradeCheck = 0730;
				ORGANIZATIONNAME = MCP;
				TargetAttributes = {
					424A98471D3C075300CAE45E = {
						CreatedOnToolsVersion = 7.3.1;
					};
				};
			};
			buildConfigurationList = 424A98431D3C075300CAE45E /* Build configuration list for PBXProject "Weathermate" */;
			compatibilityVersion = "Xcode 3.2";
			developmentRegion = English;
			hasScannedForEncodings = 0;
			knownRegions = (
				en,
				Base,
			);
			mainGroup = 424A983F1D3C075300CAE45E;
			productRefGroup = 424A98491D3C075300CAE45E /* Products */;
			projectDirPath = "";
			projectRoot = "";
			targets = (
				424A98471D3C075300CAE45E /* Weathermate */,
			);
		};
/* End PBXProject section */

/* Begin PBXResourcesBuildPhase section */
		424A98461D3C075300CAE45E /* Resources */ = {
			isa = PBXResourcesBuildPhase;
			buildActionMask = 2147483647;
			files = (
				424A98561D3C075300CAE45E /* LaunchScreen.storyboard in Resources */,
				424A98531D3C075300CAE45E /* Assets.xcassets in Resources */,
			);
			runOnlyForDeploymentPostprocessing = 0;
		};
/* End PBXResourcesBuildPhase section */

/* Begin PBXSourcesBuildPhase section */
		424A98441D3C075300CAE45E /* Sources */ = {
			isa = PBXSourcesBuildPhase;
			buildActionMask = 2147483647;
			files = (
				424A98601D3C081E00CAE45E /* WMUserInputViewController.swift in Sources */,
				42FF27531D3EE81F007A37E7 /* UIColorExtensions.swift in Sources */,
				424A98641D3C08AE00CAE45E /* WMWeatherResponseObject.swift in Sources */,
				424A984C1D3C075300CAE45E /* AppDelegate.swift in Sources */,
				424A985E1D3C07D800CAE45E /* WMWeatherCollectionViewController.swift in Sources */,
				424A98621D3C088100CAE45E /* WMNetworkingHelper.swift in Sources */,
				424A98661D3CB07600CAE45E /* WMRequest.swift in Sources */,
			);
			runOnlyForDeploymentPostprocessing = 0;
		};
/* End PBXSourcesBuildPhase section */

/* Begin PBXVariantGroup section */
		424A98541D3C075300CAE45E /* LaunchScreen.storyboard */ = {
			isa = PBXVariantGroup;
			children = (
				424A98551D3C075300CAE45E /* Base */,
			);
			name = LaunchScreen.storyboard;
			sourceTree = "<group>";
		};
/* End PBXVariantGroup section */

/* Begin XCBuildConfiguration section */
		424A98581D3C075300CAE45E /* Debug */ = {
			isa = XCBuildConfiguration;
			buildSettings = {
				ALWAYS_SEARCH_USER_PATHS = NO;
				CLANG_ANALYZER_NONNULL = YES;
				CLANG_CXX_LANGUAGE_STANDARD = "gnu++0x";
				CLANG_CXX_LIBRARY = "libc++";
				CLANG_ENABLE_MODULES = YES;
				CLANG_ENABLE_OBJC_ARC = YES;
				CLANG_WARN_BOOL_CONVERSION = YES;
				CLANG_WARN_CONSTANT_CONVERSION = YES;
				CLANG_WARN_DIRECT_OBJC_ISA_USAGE = YES_ERROR;
				CLANG_WARN_EMPTY_BODY = YES;
				CLANG_WARN_ENUM_CONVERSION = YES;
				CLANG_WARN_INT_CONVERSION = YES;
				CLANG_WARN_OBJC_ROOT_CLASS = YES_ERROR;
				CLANG_WARN_UNREACHABLE_CODE = YES;
				CLANG_WARN__DUPLICATE_METHOD_MATCH = YES;
				"CODE_SIGN_IDENTITY[sdk=iphoneos*]" = "iPhone Developer";
				COPY_PHASE_STRIP = NO;
				DEBUG_INFORMATION_FORMAT = dwarf;
				ENABLE_STRICT_OBJC_MSGSEND = YES;
				ENABLE_TESTABILITY = YES;
				GCC_C_LANGUAGE_STANDARD = gnu99;
				GCC_DYNAMIC_NO_PIC = NO;
				GCC_NO_COMMON_BLOCKS = YES;
				GCC_OPTIMIZATION_LEVEL = 0;
				GCC_PREPROCESSOR_DEFINITIONS = (
					"DEBUG=1",
					"$(inherited)",
				);
				GCC_WARN_64_TO_32_BIT_CONVERSION = YES;
				GCC_WARN_ABOUT_RETURN_TYPE = YES_ERROR;
				GCC_WARN_UNDECLARED_SELECTOR = YES;
				GCC_WARN_UNINITIALIZED_AUTOS = YES_AGGRESSIVE;
				GCC_WARN_UNUSED_FUNCTION = YES;
				GCC_WARN_UNUSED_VARIABLE = YES;
				IPHONEOS_DEPLOYMENT_TARGET = 9.3;
				MTL_ENABLE_DEBUG_INFO = YES;
				ONLY_ACTIVE_ARCH = YES;
				SDKROOT = iphoneos;
				SWIFT_OPTIMIZATION_LEVEL = "-Onone";
				TARGETED_DEVICE_FAMILY = "1,2";
			};
			name = Debug;
		};
		424A98591D3C075300CAE45E /* Release */ = {
			isa = XCBuildConfiguration;
			buildSettings = {
				ALWAYS_SEARCH_USER_PATHS = NO;
				CLANG_ANALYZER_NONNULL = YES;
				CLANG_CXX_LANGUAGE_STANDARD = "gnu++0x";
				CLANG_CXX_LIBRARY = "libc++";
				CLANG_ENABLE_MODULES = YES;
				CLANG_ENABLE_OBJC_ARC = YES;
				CLANG_WARN_BOOL_CONVERSION = YES;
				CLANG_WARN_CONSTANT_CONVERSION = YES;
				CLANG_WARN_DIRECT_OBJC_ISA_USAGE = YES_ERROR;
				CLANG_WARN_EMPTY_BODY = YES;
				CLANG_WARN_ENUM_CONVERSION = YES;
				CLANG_WARN_INT_CONVERSION = YES;
				CLANG_WARN_OBJC_ROOT_CLASS = YES_ERROR;
				CLANG_WARN_UNREACHABLE_CODE = YES;
				CLANG_WARN__DUPLICATE_METHOD_MATCH = YES;
				"CODE_SIGN_IDENTITY[sdk=iphoneos*]" = "iPhone Developer";
				COPY_PHASE_STRIP = NO;
				DEBUG_INFORMATION_FORMAT = "dwarf-with-dsym";
				ENABLE_NS_ASSERTIONS = NO;
				ENABLE_STRICT_OBJC_MSGSEND = YES;
				GCC_C_LANGUAGE_STANDARD = gnu99;
				GCC_NO_COMMON_BLOCKS = YES;
				GCC_WARN_64_TO_32_BIT_CONVERSION = YES;
				GCC_WARN_ABOUT_RETURN_TYPE = YES_ERROR;
				GCC_WARN_UNDECLARED_SELECTOR = YES;
				GCC_WARN_UNINITIALIZED_AUTOS = YES_AGGRESSIVE;
				GCC_WARN_UNUSED_FUNCTION = YES;
				GCC_WARN_UNUSED_VARIABLE = YES;
				IPHONEOS_DEPLOYMENT_TARGET = 9.3;
				MTL_ENABLE_DEBUG_INFO = NO;
				SDKROOT = iphoneos;
				TARGETED_DEVICE_FAMILY = "1,2";
				VALIDATE_PRODUCT = YES;
			};
			name = Release;
		};
		424A985B1D3C075300CAE45E /* Debug */ = {
			isa = XCBuildConfiguration;
			buildSettings = {
				ASSETCATALOG_COMPILER_APPICON_NAME = AppIcon;
				INFOPLIST_FILE = Weathermate/Info.plist;
				LD_RUNPATH_SEARCH_PATHS = "$(inherited) @executable_path/Frameworks";
				PRODUCT_BUNDLE_IDENTIFIER = parrish.Weathermate;
				PRODUCT_NAME = "$(TARGET_NAME)";
			};
			name = Debug;
		};
		424A985C1D3C075300CAE45E /* Release */ = {
			isa = XCBuildConfiguration;
			buildSettings = {
				ASSETCATALOG_COMPILER_APPICON_NAME = AppIcon;
				INFOPLIST_FILE = Weathermate/Info.plist;
				LD_RUNPATH_SEARCH_PATHS = "$(inherited) @executable_path/Frameworks";
				PRODUCT_BUNDLE_IDENTIFIER = parrish.Weathermate;
				PRODUCT_NAME = "$(TARGET_NAME)";
			};
			name = Release;
		};
/* End XCBuildConfiguration section */

/* Begin XCConfigurationList section */
		424A98431D3C075300CAE45E /* Build configuration list for PBXProject "Weathermate" */ = {
			isa = XCConfigurationList;
			buildConfigurations = (
				424A98581D3C075300CAE45E /* Debug */,
				424A98591D3C075300CAE45E /* Release */,
			);
			defaultConfigurationIsVisible = 0;
			defaultConfigurationName = Release;
		};
		424A985A1D3C075300CAE45E /* Build configuration list for PBXNativeTarget "Weathermate" */ = {
			isa = XCConfigurationList;
			buildConfigurations = (
				424A985B1D3C075300CAE45E /* Debug */,
				424A985C1D3C075300CAE45E /* Release */,
			);
			defaultConfigurationIsVisible = 0;
			defaultConfigurationName = Release;
		};
/* End XCConfigurationList section */
	};
	rootObject = 424A98401D3C075300CAE45E /* Project object */;
}
